
Microsoft Visual Studio Solution File, Format Version 12.00
# Visual Studio 14
VisualStudioVersion = 14.0.25420.1
MinimumVisualStudioVersion = 10.0.40219.1
Project("{FAE04EC0-301F-11D3-BF4B-00C04F79EFBC}") = "Test Game", "Test Game\Test Game.csproj", "{F05CA3D1-549F-4F61-A5AC-143AD1926E3E}"
EndProject
Project("{FAE04EC0-301F-11D3-BF4B-00C04F79EFBC}") = "Limiting movement", "Limiting movement\Limiting movement.csproj", "{B72E924C-7E4B-42B6-8F20-60A8345708F4}"
EndProject
Global
	GlobalSection(SolutionConfigurationPlatforms) = preSolution
		Debug|Any CPU = Debug|Any CPU
		Release|Any CPU = Release|Any CPU
	EndGlobalSection
	GlobalSection(ProjectConfigurationPlatforms) = postSolution
		{F05CA3D1-549F-4F61-A5AC-143AD1926E3E}.Debug|Any CPU.ActiveCfg = Debug|Any CPU
		{F05CA3D1-549F-4F61-A5AC-143AD1926E3E}.Debug|Any CPU.Build.0 = Debug|Any CPU
		{F05CA3D1-549F-4F61-A5AC-143AD1926E3E}.Release|Any CPU.ActiveCfg = Release|Any CPU
		{F05CA3D1-549F-4F61-A5AC-143AD1926E3E}.Release|Any CPU.Build.0 = Release|Any CPU
		{B72E924C-7E4B-42B6-8F20-60A8345708F4}.Debug|Any CPU.ActiveCfg = Debug|Any CPU
		{B72E924C-7E4B-42B6-8F20-60A8345708F4}.Debug|Any CPU.Build.0 = Debug|Any CPU
		{B72E924C-7E4B-42B6-8F20-60A8345708F4}.Release|Any CPU.ActiveCfg = Release|Any CPU
		{B72E924C-7E4B-42B6-8F20-60A8345708F4}.Release|Any CPU.Build.0 = Release|Any CPU
	EndGlobalSection
	GlobalSection(SolutionProperties) = preSolution
		HideSolutionNode = FALSE
	EndGlobalSection
EndGlobal
